Microsoft Visual Studio Solution File, Format Version 12.00
# Visual Studio Version 17
VisualStudioVersion = 17.5.2.0
MinimumVisualStudioVersion = 10.0.40219.1
Project("{FAE04EC0-301F-11D3-BF4B-00C04F79EFBC}") = "dia30-07", "dia30-07.csproj", "{ECC699A3-1350-2CF0-3D2C-F01D8C5EE0B9}"
EndProject
Global
	GlobalSection(SolutionConfigurationPlatforms) = preSolution
		Debug|Any CPU = Debug|Any CPU
		Release|Any CPU = Release|Any CPU
	EndGlobalSection
	GlobalSection(ProjectConfigurationPlatforms) = postSolution
		{ECC699A3-1350-2CF0-3D2C-F01D8C5EE0B9}.Debug|Any CPU.ActiveCfg = Debug|Any CPU
		{ECC699A3-1350-2CF0-3D2C-F01D8C5EE0B9}.Debug|Any CPU.Build.0 = Debug|Any CPU
		{ECC699A3-1350-2CF0-3D2C-F01D8C5EE0B9}.Release|Any CPU.ActiveCfg = Release|Any CPU
		{ECC699A3-1350-2CF0-3D2C-F01D8C5EE0B9}.Release|Any CPU.Build.0 = Release|Any CPU
	EndGlobalSection
	GlobalSection(SolutionProperties) = preSolution
		HideSolutionNode = FALSE
	EndGlobalSection
	GlobalSection(ExtensibilityGlobals) = postSolution
		SolutionGuid = {18350AE5-86BD-42A6-8875-6AF6124C7A17}
	EndGlobalSection
EndGlobal
